// !$*UTF8*$!
{
	archiveVersion = 1;
	classes = {
	};
	objectVersion = 50;
	objects = {

/* Begin PBXBuildFile section */
		DE362E452436C20C00C9D73B /* AppDelegate.swift in Sources */ = {isa = PBXBuildFile; fileRef = DE362E442436C20C00C9D73B /* AppDelegate.swift */; };
		DE362E472436C20C00C9D73B /* SceneDelegate.swift in Sources */ = {isa = PBXBuildFile; fileRef = DE362E462436C20C00C9D73B /* SceneDelegate.swift */; };
		DE362E492436C20C00C9D73B /* ViewController.swift in Sources */ = {isa = PBXBuildFile; fileRef = DE362E482436C20C00C9D73B /* ViewController.swift */; };
		DE362E4C2436C20C00C9D73B /* Main.storyboard in Resources */ = {isa = PBXBuildFile; fileRef = DE362E4A2436C20C00C9D73B /* Main.storyboard */; };
		DE362E4E2436C21D00C9D73B /* Assets.xcassets in Resources */ = {isa = PBXBuildFile; fileRef = DE362E4D2436C21D00C9D73B /* Assets.xcassets */; };
		DE362E512436C21D00C9D73B /* LaunchScreen.storyboard in Resources */ = {isa = PBXBuildFile; fileRef = DE362E4F2436C21D00C9D73B /* LaunchScreen.storyboard */; };
		DE362E5C2436C21E00C9D73B /* The_Log_appTests.swift in Sources */ = {isa = PBXBuildFile; fileRef = DE362E5B2436C21E00C9D73B /* The_Log_appTests.swift */; };
		DE362E672436C21E00C9D73B /* The_Log_appUITests.swift in Sources */ = {isa = PBXBuildFile; fileRef = DE362E662436C21E00C9D73B /* The_Log_appUITests.swift */; };
		DEB7727F243E9BF00018C539 /* log.jpg in Resources */ = {isa = PBXBuildFile; fileRef = DEB7727E243E9BF00018C539 /* log.jpg */; };
/* End PBXBuildFile section */

/* Begin PBXContainerItemProxy section */
		DE362E582436C21E00C9D73B /* PBXContainerItemProxy */ = {
			isa = PBXContainerItemProxy;
			containerPortal = DE362E392436C20B00C9D73B /* Project object */;
			proxyType = 1;
			remoteGlobalIDString = DE362E402436C20C00C9D73B;
			remoteInfo = "The Log app";
		};
		DE362E632436C21E00C9D73B /* PBXContainerItemProxy */ = {
			isa = PBXContainerItemProxy;
			containerPortal = DE362E392436C20B00C9D73B /* Project object */;
			proxyType = 1;
			remoteGlobalIDString = DE362E402436C20C00C9D73B;
			remoteInfo = "The Log app";
		};
/* End PBXContainerItemProxy section */

/* Begin PBXFileReference section */
		DE362E412436C20C00C9D73B /* The Log app.app */ = {isa = PBXFileReference; explicitFileType = wrapper.application; includeInIndex = 0; path = "The Log app.app"; sourceTree = BUILT_PRODUCTS_DIR; };
		DE362E442436C20C00C9D73B /* AppDelegate.swift */ = {isa = PBXFileReference; lastKnownFileType = sourcecode.swift; path = AppDelegate.swift; sourceTree = "<group>"; };
		DE362E462436C20C00C9D73B /* SceneDelegate.swift */ = {isa = PBXFileReference; lastKnownFileType = sourcecode.swift; path = SceneDelegate.swift; sourceTree = "<group>"; };
		DE362E482436C20C00C9D73B /* ViewController.swift */ = {isa = PBXFileReference; lastKnownFileType = sourcecode.swift; path = ViewController.swift; sourceTree = "<group>"; };
		DE362E4B2436C20C00C9D73B /* Base */ = {isa = PBXFileReference; lastKnownFileType = file.storyboard; name = Base; path = Base.lproj/Main.storyboard; sourceTree = "<group>"; };
		DE362E4D2436C21D00C9D73B /* Assets.xcassets */ = {isa = PBXFileReference; lastKnownFileType = folder.assetcatalog; path = Assets.xcassets; sourceTree = "<group>"; };
		DE362E502436C21D00C9D73B /* Base */ = {isa = PBXFileReference; lastKnownFileType = file.storyboard; name = Base; path = Base.lproj/LaunchScreen.storyboard; sourceTree = "<group>"; };
		DE362E522436C21D00C9D73B /* Info.plist */ = {isa = PBXFileReference; lastKnownFileType = text.plist.xml; path = Info.plist; sourceTree = "<group>"; };
		DE362E572436C21E00C9D73B /* The Log appTests.xctest */ = {isa = PBXFileReference; explicitFileType = wrapper.cfbundle; includeInIndex = 0; path = "The Log appTests.xctest"; sourceTree = BUILT_PRODUCTS_DIR; };
		DE362E5B2436C21E00C9D73B /* The_Log_appTests.swift */ = {isa = PBXFileReference; lastKnownFileType = sourcecode.swift; path = The_Log_appTests.swift; sourceTree = "<group>"; };
		DE362E5D2436C21E00C9D73B /* Info.plist */ = {isa = PBXFileReference; lastKnownFileType = text.plist.xml; path = Info.plist; sourceTree = "<group>"; };
		DE362E622436C21E00C9D73B /* The Log appUITests.xctest */ = {isa = PBXFileReference; explicitFileType = wrapper.cfbundle; includeInIndex = 0; path = "The Log appUITests.xctest"; sourceTree = BUILT_PRODUCTS_DIR; };
		DE362E662436C21E00C9D73B /* The_Log_appUITests.swift */ = {isa = PBXFileReference; lastKnownFileType = sourcecode.swift; path = The_Log_appUITests.swift; sourceTree = "<group>"; };
		DE362E682436C21E00C9D73B /* Info.plist */ = {isa = PBXFileReference; lastKnownFileType = text.plist.xml; path = Info.plist; sourceTree = "<group>"; };
		DEB7727E243E9BF00018C539 /* log.jpg */ = {isa = PBXFileReference; lastKnownFileType = image.jpeg; name = log.jpg; path = ../../log.jpg; sourceTree = "<group>"; };
/* End PBXFileReference section */

/* Begin PBXFrameworksBuildPhase section */
		DE362E3E2436C20C00C9D73B /* Frameworks */ = {
			isa = PBXFrameworksBuildPhase;
			buildActionMask = 2147483647;
			files = (
			);
			runOnlyForDeploymentPostprocessing = 0;
		};
		DE362E542436C21E00C9D73B /* Frameworks */ = {
			isa = PBXFrameworksBuildPhase;
			buildActionMask = 2147483647;
			files = (
			);
			runOnlyForDeploymentPostprocessing = 0;
		};
		DE362E5F2436C21E00C9D73B /* Frameworks */ = {
			isa = PBXFrameworksBuildPhase;
			buildActionMask = 2147483647;
			files = (
			);
			runOnlyForDeploymentPostprocessing = 0;
		};
/* End PBXFrameworksBuildPhase section */

/* Begin PBXGroup section */
		DE362E382436C20B00C9D73B = {
			isa = PBXGroup;
			children = (
				DE362E462436C20C00C9D73B /* SceneDelegate.swift */,
				DE362E432436C20C00C9D73B /* The Log app */,
				DE362E5A2436C21E00C9D73B /* The Log appTests */,
				DE362E652436C21E00C9D73B /* The Log appUITests */,
				DE362E422436C20C00C9D73B /* Products */,
			);
			sourceTree = "<group>";
		};
		DE362E422436C20C00C9D73B /* Products */ = {
			isa = PBXGroup;
			children = (
				DE362E412436C20C00C9D73B /* The Log app.app */,
				DE362E572436C21E00C9D73B /* The Log appTests.xctest */,
				DE362E622436C21E00C9D73B /* The Log appUITests.xctest */,
			);
			name = Products;
			sourceTree = "<group>";
		};
		DE362E432436C20C00C9D73B /* The Log app */ = {
			isa = PBXGroup;
			children = (
				DE362E442436C20C00C9D73B /* AppDelegate.swift */,
				DE362E482436C20C00C9D73B /* ViewController.swift */,
				DE362E4A2436C20C00C9D73B /* Main.storyboard */,
				DEB7727E243E9BF00018C539 /* log.jpg */,
				DE362E4D2436C21D00C9D73B /* Assets.xcassets */,
				DE362E4F2436C21D00C9D73B /* LaunchScreen.storyboard */,
				DE362E522436C21D00C9D73B /* Info.plist */,
			);
			path = "The Log app";
			sourceTree = "<group>";
		};
		DE362E5A2436C21E00C9D73B /* The Log appTests */ = {
			isa = PBXGroup;
			children = (
				DE362E5B2436C21E00C9D73B /* The_Log_appTests.swift */,
				DE362E5D2436C21E00C9D73B /* Info.plist */,
			);
			path = "The Log appTests";
			sourceTree = "<group>";
		};
		DE362E652436C21E00C9D73B /* The Log appUITests */ = {
			isa = PBXGroup;
			children = (
				DE362E662436C21E00C9D73B /* The_Log_appUITests.swift */,
				DE362E682436C21E00C9D73B /* Info.plist */,
			);
			path = "The Log appUITests";
			sourceTree = "<group>";
		};
/* End PBXGroup section */

/* Begin PBXNativeTarget section */
		DE362E402436C20C00C9D73B /* The Log app */ = {
			isa = PBXNativeTarget;
			buildConfigurationList = DE362E6B2436C21E00C9D73B /* Build configuration list for PBXNativeTarget "The Log app" */;
			buildPhases = (
				DE362E3D2436C20C00C9D73B /* Sources */,
				DE362E3E2436C20C00C9D73B /* Frameworks */,
				DE362E3F2436C20C00C9D73B /* Resources */,
			);
			buildRules = (
			);
			dependencies = (
			);
			name = "The Log app";
			productName = "The Log app";
			productReference = DE362E412436C20C00C9D73B /* The Log app.app */;
			productType = "com.apple.product-type.application";
		};
		DE362E562436C21E00C9D73B /* The Log appTests */ = {
			isa = PBXNativeTarget;
			buildConfigurationList = DE362E6E2436C21E00C9D73B /* Build configuration list for PBXNativeTarget "The Log appTests" */;
			buildPhases = (
				DE362E532436C21E00C9D73B /* Sources */,
				DE362E542436C21E00C9D73B /* Frameworks */,
				DE362E552436C21E00C9D73B /* Resources */,
			);
			buildRules = (
			);
			dependencies = (
				DE362E592436C21E00C9D73B /* PBXTargetDependency */,
			);
			name = "The Log appTests";
			productName = "The Log appTests";
			productReference = DE362E572436C21E00C9D73B /* The Log appTests.xctest */;
			productType = "com.apple.product-type.bundle.unit-test";
		};
		DE362E612436C21E00C9D73B /* The Log appUITests */ = {
			isa = PBXNativeTarget;
			buildConfigurationList = DE362E712436C21E00C9D73B /* Build configuration list for PBXNativeTarget "The Log appUITests" */;
			buildPhases = (
				DE362E5E2436C21E00C9D73B /* Sources */,
				DE362E5F2436C21E00C9D73B /* Frameworks */,
				DE362E602436C21E00C9D73B /* Resources */,
			);
			buildRules = (
			);
			dependencies = (
				DE362E642436C21E00C9D73B /* PBXTargetDependency */,
			);
			name = "The Log appUITests";
			productName = "The Log appUITests";
			productReference = DE362E622436C21E00C9D73B /* The Log appUITests.xctest */;
			productType = "com.apple.product-type.bundle.ui-testing";
		};
/* End PBXNativeTarget section */

/* Begin PBXProject section */
		DE362E392436C20B00C9D73B /* Project object */ = {
			isa = PBXProject;
			attributes = {
				LastSwiftUpdateCheck = 1140;
				LastUpgradeCheck = 1140;
				ORGANIZATIONNAME = "Benjamin Yoon";
				TargetAttributes = {
					DE362E402436C20C00C9D73B = {
						CreatedOnToolsVersion = 11.4;
					};
					DE362E562436C21E00C9D73B = {
						CreatedOnToolsVersion = 11.4;
						TestTargetID = DE362E402436C20C00C9D73B;
					};
					DE362E612436C21E00C9D73B = {
						CreatedOnToolsVersion = 11.4;
						TestTargetID = DE362E402436C20C00C9D73B;
					};
				};
			};
			buildConfigurationList = DE362E3C2436C20B00C9D73B /* Build configuration list for PBXProject "The Log app" */;
			compatibilityVersion = "Xcode 9.3";
			developmentRegion = en;
			hasScannedForEncodings = 0;
			knownRegions = (
				en,
				Base,
			);
			mainGroup = DE362E382436C20B00C9D73B;
			productRefGroup = DE362E422436C20C00C9D73B /* Products */;
			projectDirPath = "";
			projectRoot = "";
			targets = (
				DE362E402436C20C00C9D73B /* The Log app */,
				DE362E562436C21E00C9D73B /* The Log appTests */,
				DE362E612436C21E00C9D73B /* The Log appUITests */,
			);
		};
/* End PBXProject section */

/* Begin PBXResourcesBuildPhase section */
		DE362E3F2436C20C00C9D73B /* Resources */ = {
			isa = PBXResourcesBuildPhase;
			buildActionMask = 2147483647;
			files = (
				DEB7727F243E9BF00018C539 /* log.jpg in Resources */,
				DE362E512436C21D00C9D73B /* LaunchScreen.storyboard in Resources */,
				DE362E4E2436C21D00C9D73B /* Assets.xcassets in Resources */,
				DE362E4C2436C20C00C9D73B /* Main.storyboard in Resources */,
			);
			runOnlyForDeploymentPostprocessing = 0;
		};
		DE362E552436C21E00C9D73B /* Resources */ = {
			isa = PBXResourcesBuildPhase;
			buildActionMask = 2147483647;
			files = (
			);
			runOnlyForDeploymentPostprocessing = 0;
		};
		DE362E602436C21E00C9D73B /* Resources */ = {
			isa = PBXResourcesBuildPhase;
			buildActionMask = 2147483647;
			files = (
			);
			runOnlyForDeploymentPostprocessing = 0;
		};
/* End PBXResourcesBuildPhase section */

/* Begin PBXSourcesBuildPhase section */
		DE362E3D2436C20C00C9D73B /* Sources */ = {
			isa = PBXSourcesBuildPhase;
			buildActionMask = 2147483647;
			files = (
				DE362E492436C20C00C9D73B /* ViewController.swift in Sources */,
				DE362E452436C20C00C9D73B /* AppDelegate.swift in Sources */,
				DE362E472436C20C00C9D73B /* SceneDelegate.swift in Sources */,
			);
			runOnlyForDeploymentPostprocessing = 0;
		};
		DE362E532436C21E00C9D73B /* Sources */ = {
			isa = PBXSourcesBuildPhase;
			buildActionMask = 2147483647;
			files = (
				DE362E5C2436C21E00C9D73B /* The_Log_appTests.swift in Sources */,
			);
			runOnlyForDeploymentPostprocessing = 0;
		};
		DE362E5E2436C21E00C9D73B /* Sources */ = {
			isa = PBXSourcesBuildPhase;
			buildActionMask = 2147483647;
			files = (
				DE362E672436C21E00C9D73B /* The_Log_appUITests.swift in Sources */,
			);
			runOnlyForDeploymentPostprocessing = 0;
		};
/* End PBXSourcesBuildPhase section */

/* Begin PBXTargetDependency section */
		DE362E592436C21E00C9D73B /* PBXTargetDependency */ = {
			isa = PBXTargetDependency;
			target = DE362E402436C20C00C9D73B /* The Log app */;
			targetProxy = DE362E582436C21E00C9D73B /* PBXContainerItemProxy */;
		};
		DE362E642436C21E00C9D73B /* PBXTargetDependency */ = {
			isa = PBXTargetDependency;
			target = DE362E402436C20C00C9D73B /* The Log app */;
			targetProxy = DE362E632436C21E00C9D73B /* PBXContainerItemProxy */;
		};
/* End PBXTargetDependency section */

/* Begin PBXVariantGroup section */
		DE362E4A2436C20C00C9D73B /* Main.storyboard */ = {
			isa = PBXVariantGroup;
			children = (
				DE362E4B2436C20C00C9D73B /* Base */,
			);
			name = Main.storyboard;
			sourceTree = "<group>";
		};
		DE362E4F2436C21D00C9D73B /* LaunchScreen.storyboard */ = {
			isa = PBXVariantGroup;
			children = (
				DE362E502436C21D00C9D73B /* Base */,
			);
			name = LaunchScreen.storyboard;
			sourceTree = "<group>";
		};
/* End PBXVariantGroup section */

/* Begin XCBuildConfiguration section */
		DE362E692436C21E00C9D73B /* Debug */ = {
			isa = XCBuildConfiguration;
			buildSettings = {
				ALWAYS_SEARCH_USER_PATHS = NO;
				CLANG_ANALYZER_NONNULL = YES;
				CLANG_ANALYZER_NUMBER_OBJECT_CONVERSION = YES_AGGRESSIVE;
				CLANG_CXX_LANGUAGE_STANDARD = "gnu++14";
				CLANG_CXX_LIBRARY = "libc++";
				CLANG_ENABLE_MODULES = YES;
				CLANG_ENABLE_OBJC_ARC = YES;
				CLANG_ENABLE_OBJC_WEAK = YES;
				CLANG_WARN_BLOCK_CAPTURE_AUTORELEASING = YES;
				CLANG_WARN_BOOL_CONVERSION = YES;
				CLANG_WARN_COMMA = YES;
				CLANG_WARN_CONSTANT_CONVERSION = YES;
				CLANG_WARN_DEPRECATED_OBJC_IMPLEMENTATIONS = YES;
				CLANG_WARN_DIRECT_OBJC_ISA_USAGE = YES_ERROR;
				CLANG_WARN_DOCUMENTATION_COMMENTS = YES;
				CLANG_WARN_EMPTY_BODY = YES;
				CLANG_WARN_ENUM_CONVERSION = YES;
				CLANG_WARN_INFINITE_RECURSION = YES;
				CLANG_WARN_INT_CONVERSION = YES;
				CLANG_WARN_NON_LITERAL_NULL_CONVERSION = YES;
				CLANG_WARN_OBJC_IMPLICIT_RETAIN_SELF = YES;
				CLANG_WARN_OBJC_LITERAL_CONVERSION = YES;
				CLANG_WARN_OBJC_ROOT_CLASS = YES_ERROR;
				CLANG_WARN_RANGE_LOOP_ANALYSIS = YES;
				CLANG_WARN_STRICT_PROTOTYPES = YES;
				CLANG_WARN_SUSPICIOUS_MOVE = YES;
				CLANG_WARN_UNGUARDED_AVAILABILITY = YES_AGGRESSIVE;
				CLANG_WARN_UNREACHABLE_CODE = YES;
				CLANG_WARN__DUPLICATE_METHOD_MATCH = YES;
				COPY_PHASE_STRIP = NO;
				DEBUG_INFORMATION_FORMAT = dwarf;
				ENABLE_STRICT_OBJC_MSGSEND = YES;
				ENABLE_TESTABILITY = YES;
				GCC_C_LANGUAGE_STANDARD = gnu11;
				GCC_DYNAMIC_NO_PIC = NO;
				GCC_NO_COMMON_BLOCKS = YES;
				GCC_OPTIMIZATION_LEVEL = 0;
				GCC_PREPROCESSOR_DEFINITIONS = (
					"DEBUG=1",
					"$(inherited)",
				);
				GCC_WARN_64_TO_32_BIT_CONVERSION = YES;
				GCC_WARN_ABOUT_RETURN_TYPE = YES_ERROR;
				GCC_WARN_UNDECLARED_SELECTOR = YES;
				GCC_WARN_UNINITIALIZED_AUTOS = YES_AGGRESSIVE;
				GCC_WARN_UNUSED_FUNCTION = YES;
				GCC_WARN_UNUSED_VARIABLE = YES;
				IPHONEOS_DEPLOYMENT_TARGET = 13.4;
				MTL_ENABLE_DEBUG_INFO = INCLUDE_SOURCE;
				MTL_FAST_MATH = YES;
				ONLY_ACTIVE_ARCH = YES;
				SDKROOT = iphoneos;
				SWIFT_ACTIVE_COMPILATION_CONDITIONS = DEBUG;
				SWIFT_OPTIMIZATION_LEVEL = "-Onone";
			};
			name = Debug;
		};
		DE362E6A2436C21E00C9D73B /* Release */ = {
			isa = XCBuildConfiguration;
			buildSettings = {
				ALWAYS_SEARCH_USER_PATHS = NO;
				CLANG_ANALYZER_NONNULL = YES;
				CLANG_ANALYZER_NUMBER_OBJECT_CONVERSION = YES_AGGRESSIVE;
				CLANG_CXX_LANGUAGE_STANDARD = "gnu++14";
				CLANG_CXX_LIBRARY = "libc++";
				CLANG_ENABLE_MODULES = YES;
				CLANG_ENABLE_OBJC_ARC = YES;
				CLANG_ENABLE_OBJC_WEAK = YES;
				CLANG_WARN_BLOCK_CAPTURE_AUTORELEASING = YES;
				CLANG_WARN_BOOL_CONVERSION = YES;
				CLANG_WARN_COMMA = YES;
				CLANG_WARN_CONSTANT_CONVERSION = YES;
				CLANG_WARN_DEPRECATED_OBJC_IMPLEMENTATIONS = YES;
				CLANG_WARN_DIRECT_OBJC_ISA_USAGE = YES_ERROR;
				CLANG_WARN_DOCUMENTATION_COMMENTS = YES;
				CLANG_WARN_EMPTY_BODY = YES;
				CLANG_WARN_ENUM_CONVERSION = YES;
				CLANG_WARN_INFINITE_RECURSION = YES;
				CLANG_WARN_INT_CONVERSION = YES;
				CLANG_WARN_NON_LITERAL_NULL_CONVERSION = YES;
				CLANG_WARN_OBJC_IMPLICIT_RETAIN_SELF = YES;
				CLANG_WARN_OBJC_LITERAL_CONVERSION = YES;
				CLANG_WARN_OBJC_ROOT_CLASS = YES_ERROR;
				CLANG_WARN_RANGE_LOOP_ANALYSIS = YES;
				CLANG_WARN_STRICT_PROTOTYPES = YES;
				CLANG_WARN_SUSPICIOUS_MOVE = YES;
				CLANG_WARN_UNGUARDED_AVAILABILITY = YES_AGGRESSIVE;
				CLANG_WARN_UNREACHABLE_CODE = YES;
				CLANG_WARN__DUPLICATE_METHOD_MATCH = YES;
				COPY_PHASE_STRIP = NO;
				DEBUG_INFORMATION_FORMAT = "dwarf-with-dsym";
				ENABLE_NS_ASSERTIONS = NO;
				ENABLE_STRICT_OBJC_MSGSEND = YES;
				GCC_C_LANGUAGE_STANDARD = gnu11;
				GCC_NO_COMMON_BLOCKS = YES;
				GCC_WARN_64_TO_32_BIT_CONVERSION = YES;
				GCC_WARN_ABOUT_RETURN_TYPE = YES_ERROR;
				GCC_WARN_UNDECLARED_SELECTOR = YES;
				GCC_WARN_UNINITIALIZED_AUTOS = YES_AGGRESSIVE;
				GCC_WARN_UNUSED_FUNCTION = YES;
				GCC_WARN_UNUSED_VARIABLE = YES;
				IPHONEOS_DEPLOYMENT_TARGET = 13.4;
				MTL_ENABLE_DEBUG_INFO = NO;
				MTL_FAST_MATH = YES;
				SDKROOT = iphoneos;
				SWIFT_COMPILATION_MODE = wholemodule;
				SWIFT_OPTIMIZATION_LEVEL = "-O";
				VALIDATE_PRODUCT = YES;
			};
			name = Release;
		};
		DE362E6C2436C21E00C9D73B /* Debug */ = {
			isa = XCBuildConfiguration;
			buildSettings = {
				ASSETCATALOG_COMPILER_APPICON_NAME = AppIcon;
				CODE_SIGN_STYLE = Automatic;
				INFOPLIST_FILE = "The Log app/Info.plist";
				LD_RUNPATH_SEARCH_PATHS = (
					"$(inherited)",
					"@executable_path/Frameworks",
				);
				PRODUCT_BUNDLE_IDENTIFIER = "com.trinity.The-Log-app";
				PRODUCT_NAME = "$(TARGET_NAME)";
				SWIFT_VERSION = 5.0;
				TARGETED_DEVICE_FAMILY = "1,2";
			};
			name = Debug;
		};
		DE362E6D2436C21E00C9D73B /* Release */ = {
			isa = XCBuildConfiguration;
			buildSettings = {
				ASSETCATALOG_COMPILER_APPICON_NAME = AppIcon;
				CODE_SIGN_STYLE = Automatic;
				INFOPLIST_FILE = "The Log app/Info.plist";
				LD_RUNPATH_SEARCH_PATHS = (
					"$(inherited)",
					"@executable_path/Frameworks",
				);
				PRODUCT_BUNDLE_IDENTIFIER = "com.trinity.The-Log-app";
				PRODUCT_NAME = "$(TARGET_NAME)";
				SWIFT_VERSION = 5.0;
				TARGETED_DEVICE_FAMILY = "1,2";
			};
			name = Release;
		};
		DE362E6F2436C21E00C9D73B /* Debug */ = {
			isa = XCBuildConfiguration;
			buildSettings = {
				ALWAYS_EMBED_SWIFT_STANDARD_LIBRARIES = YES;
				BUNDLE_LOADER = "$(TEST_HOST)";
				CODE_SIGN_STYLE = Automatic;
				INFOPLIST_FILE = "The Log appTests/Info.plist";
				IPHONEOS_DEPLOYMENT_TARGET = 13.4;
				LD_RUNPATH_SEARCH_PATHS = (
					"$(inherited)",
					"@executable_path/Frameworks",
					"@loader_path/Frameworks",
				);
				PRODUCT_BUNDLE_IDENTIFIER = "com.trinity.The-Log-appTests";
				PRODUCT_NAME = "$(TARGET_NAME)";
				SWIFT_VERSION = 5.0;
				TARGETED_DEVICE_FAMILY = "1,2";
				TEST_HOST = "$(BUILT_PRODUCTS_DIR)/The Log app.app/The Log app";
			};
			name = Debug;
		};
		DE362E702436C21E00C9D73B /* Release */ = {
			isa = XCBuildConfiguration;
			buildSettings = {
				ALWAYS_EMBED_SWIFT_STANDARD_LIBRARIES = YES;
				BUNDLE_LOADER = "$(TEST_HOST)";
				CODE_SIGN_STYLE = Automatic;
				INFOPLIST_FILE = "The Log appTests/Info.plist";
				IPHONEOS_DEPLOYMENT_TARGET = 13.4;
				LD_RUNPATH_SEARCH_PATHS = (
					"$(inherited)",
					"@executable_path/Frameworks",
					"@loader_path/Frameworks",
				);
				PRODUCT_BUNDLE_IDENTIFIER = "com.trinity.The-Log-appTests";
				PRODUCT_NAME = "$(TARGET_NAME)";
				SWIFT_VERSION = 5.0;
				TARGETED_DEVICE_FAMILY = "1,2";
				TEST_HOST = "$(BUILT_PRODUCTS_DIR)/The Log app.app/The Log app";
			};
			name = Release;
		};
		DE362E722436C21E00C9D73B /* Debug */ = {
			isa = XCBuildConfiguration;
			buildSettings = {
				ALWAYS_EMBED_SWIFT_STANDARD_LIBRARIES = YES;
				CODE_SIGN_STYLE = Automatic;
				INFOPLIST_FILE = "The Log appUITests/Info.plist";
				LD_RUNPATH_SEARCH_PATHS = (
					"$(inherited)",
					"@executable_path/Frameworks",
					"@loader_path/Frameworks",
				);
				PRODUCT_BUNDLE_IDENTIFIER = "com.trinity.The-Log-appUITests";
				PRODUCT_NAME = "$(TARGET_NAME)";
				SWIFT_VERSION = 5.0;
				TARGETED_DEVICE_FAMILY = "1,2";
				TEST_TARGET_NAME = "The Log app";
			};
			name = Debug;
		};
		DE362E732436C21E00C9D73B /* Release */ = {
			isa = XCBuildConfiguration;
			buildSettings = {
				ALWAYS_EMBED_SWIFT_STANDARD_LIBRARIES = YES;
				CODE_SIGN_STYLE = Automatic;
				INFOPLIST_FILE = "The Log appUITests/Info.plist";
				LD_RUNPATH_SEARCH_PATHS = (
					"$(inherited)",
					"@executable_path/Frameworks",
					"@loader_path/Frameworks",
				);
				PRODUCT_BUNDLE_IDENTIFIER = "com.trinity.The-Log-appUITests";
				PRODUCT_NAME = "$(TARGET_NAME)";
				SWIFT_VERSION = 5.0;
				TARGETED_DEVICE_FAMILY = "1,2";
				TEST_TARGET_NAME = "The Log app";
			};
			name = Release;
		};
/* End XCBuildConfiguration section */

/* Begin XCConfigurationList section */
		DE362E3C2436C20B00C9D73B /* Build configuration list for PBXProject "The Log app" */ = {
			isa = XCConfigurationList;
			buildConfigurations = (
				DE362E692436C21E00C9D73B /* Debug */,
				DE362E6A2436C21E00C9D73B /* Release */,
			);
			defaultConfigurationIsVisible = 0;
			defaultConfigurationName = Release;
		};
		DE362E6B2436C21E00C9D73B /* Build configuration list for PBXNativeTarget "The Log app" */ = {
			isa = XCConfigurationList;
			buildConfigurations = (
				DE362E6C2436C21E00C9D73B /* Debug */,
				DE362E6D2436C21E00C9D73B /* Release */,
			);
			defaultConfigurationIsVisible = 0;
			defaultConfigurationName = Release;
		};
		DE362E6E2436C21E00C9D73B /* Build configuration list for PBXNativeTarget "The Log appTests" */ = {
			isa = XCConfigurationList;
			buildConfigurations = (
				DE362E6F2436C21E00C9D73B /* Debug */,
				DE362E702436C21E00C9D73B /* Release */,
			);
			defaultConfigurationIsVisible = 0;
			defaultConfigurationName = Release;
		};
		DE362E712436C21E00C9D73B /* Build configuration list for PBXNativeTarget "The Log appUITests" */ = {
			isa = XCConfigurationList;
			buildConfigurations = (
				DE362E722436C21E00C9D73B /* Debug */,
				DE362E732436C21E00C9D73B /* Release */,
			);
			defaultConfigurationIsVisible = 0;
			defaultConfigurationName = Release;
		};
/* End XCConfigurationList section */
	};
	rootObject = DE362E392436C20B00C9D73B /* Project object */;
}
